
Microsoft Visual Studio Solution File, Format Version 12.00
# Visual Studio Version 17
VisualStudioVersion = 17.10.35004.147
MinimumVisualStudioVersion = 10.0.40219.1
Project("{FAE04EC0-301F-11D3-BF4B-00C04F79EFBC}") = "Villa.WebUI", "Villa.WebUI\Villa.WebUI.csproj", "{9CE62C3D-A42A-4C00-8F7E-6DD0E0EDACD7}"
EndProject
Global
	GlobalSection(SolutionConfigurationPlatforms) = preSolution
		Debug|Any CPU = Debug|Any CPU
		Release|Any CPU = Release|Any CPU
	EndGlobalSection
	GlobalSection(ProjectConfigurationPlatforms) = postSolution
		{9CE62C3D-A42A-4C00-8F7E-6DD0E0EDACD7}.Debug|Any CPU.ActiveCfg = Debug|Any CPU
		{9CE62C3D-A42A-4C00-8F7E-6DD0E0EDACD7}.Debug|Any CPU.Build.0 = Debug|Any CPU
		{9CE62C3D-A42A-4C00-8F7E-6DD0E0EDACD7}.Release|Any CPU.ActiveCfg = Release|Any CPU
		{9CE62C3D-A42A-4C00-8F7E-6DD0E0EDACD7}.Release|Any CPU.Build.0 = Release|Any CPU
	EndGlobalSection
	GlobalSection(SolutionProperties) = preSolution
		HideSolutionNode = FALSE
	EndGlobalSection
	GlobalSection(ExtensibilityGlobals) = postSolution
		SolutionGuid = {83340EB7-3E2B-4F54-94CF-EA637FCB6E1E}
	EndGlobalSection
EndGlobal
